
Microsoft Visual Studio Solution File, Format Version 12.00
# Visual Studio Version 16
VisualStudioVersion = 16.0.29728.190
MinimumVisualStudioVersion = 10.0.40219.1
Project("{FAE04EC0-301F-11D3-BF4B-00C04F79EFBC}") = "AppConsultaCep.UWP", "AppConsultaCep.UWP\AppConsultaCep.UWP.csproj", "{31FFD96C-B857-4512-A2B5-A1A516D22F33}"
EndProject
Project("{FAE04EC0-301F-11D3-BF4B-00C04F79EFBC}") = "AppConsultaCep.Android", "AppConsultaCep.Android\AppConsultaCep.Android.csproj", "{16C06D89-EAB4-4D85-BA08-716B0B959CCB}"
EndProject
Project("{FAE04EC0-301F-11D3-BF4B-00C04F79EFBC}") = "AppConsultaCep.iOS", "AppConsultaCep.iOS\AppConsultaCep.iOS.csproj", "{DC669E2B-1E82-4A66-B889-3CC897EE6708}"
EndProject
Project("{FAE04EC0-301F-11D3-BF4B-00C04F79EFBC}") = "AppConsultaCep", "AppConsultaCep\AppConsultaCep.csproj", "{8C2429D0-8A74-4F2C-A517-76C59931F8CD}"
EndProject
Global
	GlobalSection(SolutionConfigurationPlatforms) = preSolution
		Debug|Any CPU = Debug|Any CPU
		Debug|ARM = Debug|ARM
		Debug|iPhone = Debug|iPhone
		Debug|iPhoneSimulator = Debug|iPhoneSimulator
		Debug|x64 = Debug|x64
		Debug|x86 = Debug|x86
		Release|Any CPU = Release|Any CPU
		Release|ARM = Release|ARM
		Release|iPhone = Release|iPhone
		Release|iPhoneSimulator = Release|iPhoneSimulator
		Release|x64 = Release|x64
		Release|x86 = Release|x86
	EndGlobalSection
	GlobalSection(ProjectConfigurationPlatforms) = postSolution
		{31FFD96C-B857-4512-A2B5-A1A516D22F33}.Debug|Any CPU.ActiveCfg = Debug|x86
		{31FFD96C-B857-4512-A2B5-A1A516D22F33}.Debug|Any CPU.Build.0 = Debug|x86
		{31FFD96C-B857-4512-A2B5-A1A516D22F33}.Debug|Any CPU.Deploy.0 = Debug|x86
		{31FFD96C-B857-4512-A2B5-A1A516D22F33}.Debug|ARM.ActiveCfg = Debug|ARM
		{31FFD96C-B857-4512-A2B5-A1A516D22F33}.Debug|ARM.Build.0 = Debug|ARM
		{31FFD96C-B857-4512-A2B5-A1A516D22F33}.Debug|ARM.Deploy.0 = Debug|ARM
		{31FFD96C-B857-4512-A2B5-A1A516D22F33}.Debug|iPhone.ActiveCfg = Debug|x86
		{31FFD96C-B857-4512-A2B5-A1A516D22F33}.Debug|iPhone.Build.0 = Debug|x86
		{31FFD96C-B857-4512-A2B5-A1A516D22F33}.Debug|iPhone.Deploy.0 = Debug|x86
		{31FFD96C-B857-4512-A2B5-A1A516D22F33}.Debug|iPhoneSimulator.ActiveCfg = Debug|x86
		{31FFD96C-B857-4512-A2B5-A1A516D22F33}.Debug|iPhoneSimulator.Build.0 = Debug|x86
		{31FFD96C-B857-4512-A2B5-A1A516D22F33}.Debug|iPhoneSimulator.Deploy.0 = Debug|x86
		{31FFD96C-B857-4512-A2B5-A1A516D22F33}.Debug|x64.ActiveCfg = Debug|x64
		{31FFD96C-B857-4512-A2B5-A1A516D22F33}.Debug|x64.Build.0 = Debug|x64
		{31FFD96C-B857-4512-A2B5-A1A516D22F33}.Debug|x64.Deploy.0 = Debug|x64
		{31FFD96C-B857-4512-A2B5-A1A516D22F33}.Debug|x86.ActiveCfg = Debug|x86
		{31FFD96C-B857-4512-A2B5-A1A516D22F33}.Debug|x86.Build.0 = Debug|x86
		{31FFD96C-B857-4512-A2B5-A1A516D22F33}.Debug|x86.Deploy.0 = Debug|x86
		{31FFD96C-B857-4512-A2B5-A1A516D22F33}.Release|Any CPU.ActiveCfg = Release|x86
		{31FFD96C-B857-4512-A2B5-A1A516D22F33}.Release|Any CPU.Build.0 = Release|x86
		{31FFD96C-B857-4512-A2B5-A1A516D22F33}.Release|Any CPU.Deploy.0 = Release|x86
		{31FFD96C-B857-4512-A2B5-A1A516D22F33}.Release|ARM.ActiveCfg = Release|ARM
		{31FFD96C-B857-4512-A2B5-A1A516D22F33}.Release|ARM.Build.0 = Release|ARM
		{31FFD96C-B857-4512-A2B5-A1A516D22F33}.Release|ARM.Deploy.0 = Release|ARM
		{31FFD96C-B857-4512-A2B5-A1A516D22F33}.Release|iPhone.ActiveCfg = Release|x86
		{31FFD96C-B857-4512-A2B5-A1A516D22F33}.Release|iPhone.Build.0 = Release|x86
		{31FFD96C-B857-4512-A2B5-A1A516D22F33}.Release|iPhone.Deploy.0 = Release|x86
		{31FFD96C-B857-4512-A2B5-A1A516D22F33}.Release|iPhoneSimulator.ActiveCfg = Release|x86
		{31FFD96C-B857-4512-A2B5-A1A516D22F33}.Release|iPhoneSimulator.Build.0 = Release|x86
		{31FFD96C-B857-4512-A2B5-A1A516D22F33}.Release|iPhoneSimulator.Deploy.0 = Release|x86
		{31FFD96C-B857-4512-A2B5-A1A516D22F33}.Release|x64.ActiveCfg = Release|x64
		{31FFD96C-B857-4512-A2B5-A1A516D22F33}.Release|x64.Build.0 = Release|x64
		{31FFD96C-B857-4512-A2B5-A1A516D22F33}.Release|x64.Deploy.0 = Release|x64
		{31FFD96C-B857-4512-A2B5-A1A516D22F33}.Release|x86.ActiveCfg = Release|x86
		{31FFD96C-B857-4512-A2B5-A1A516D22F33}.Release|x86.Build.0 = Release|x86
		{31FFD96C-B857-4512-A2B5-A1A516D22F33}.Release|x86.Deploy.0 = Release|x86
		{16C06D89-EAB4-4D85-BA08-716B0B959CCB}.Debug|Any CPU.ActiveCfg = Debug|Any CPU
		{16C06D89-EAB4-4D85-BA08-716B0B959CCB}.Debug|Any CPU.Build.0 = Debug|Any CPU
		{16C06D89-EAB4-4D85-BA08-716B0B959CCB}.Debug|Any CPU.Deploy.0 = Debug|Any CPU
		{16C06D89-EAB4-4D85-BA08-716B0B959CCB}.Debug|ARM.ActiveCfg = Debug|Any CPU
		{16C06D89-EAB4-4D85-BA08-716B0B959CCB}.Debug|ARM.Build.0 = Debug|Any CPU
		{16C06D89-EAB4-4D85-BA08-716B0B959CCB}.Debug|ARM.Deploy.0 = Debug|Any CPU
		{16C06D89-EAB4-4D85-BA08-716B0B959CCB}.Debug|iPhone.ActiveCfg = Debug|Any CPU
		{16C06D89-EAB4-4D85-BA08-716B0B959CCB}.Debug|iPhone.Build.0 = Debug|Any CPU
		{16C06D89-EAB4-4D85-BA08-716B0B959CCB}.Debug|iPhone.Deploy.0 = Debug|Any CPU
		{16C06D89-EAB4-4D85-BA08-716B0B959CCB}.Debug|iPhoneSimulator.ActiveCfg = Debug|Any CPU
		{16C06D89-EAB4-4D85-BA08-716B0B959CCB}.Debug|iPhoneSimulator.Build.0 = Debug|Any CPU
		{16C06D89-EAB4-4D85-BA08-716B0B959CCB}.Debug|iPhoneSimulator.Deploy.0 = Debug|Any CPU
		{16C06D89-EAB4-4D85-BA08-716B0B959CCB}.Debug|x64.ActiveCfg = Debug|Any CPU
		{16C06D89-EAB4-4D85-BA08-716B0B959CCB}.Debug|x64.Build.0 = Debug|Any CPU
		{16C06D89-EAB4-4D85-BA08-716B0B959CCB}.Debug|x64.Deploy.0 = Debug|Any CPU
		{16C06D89-EAB4-4D85-BA08-716B0B959CCB}.Debug|x86.ActiveCfg = Debug|Any CPU
		{16C06D89-EAB4-4D85-BA08-716B0B959CCB}.Debug|x86.Build.0 = Debug|Any CPU
		{16C06D89-EAB4-4D85-BA08-716B0B959CCB}.Debug|x86.Deploy.0 = Debug|Any CPU
		{16C06D89-EAB4-4D85-BA08-716B0B959CCB}.Release|Any CPU.ActiveCfg = Release|Any CPU
		{16C06D89-EAB4-4D85-BA08-716B0B959CCB}.Release|Any CPU.Build.0 = Release|Any CPU
		{16C06D89-EAB4-4D85-BA08-716B0B959CCB}.Release|Any CPU.Deploy.0 = Release|Any CPU
		{16C06D89-EAB4-4D85-BA08-716B0B959CCB}.Release|ARM.ActiveCfg = Release|Any CPU
		{16C06D89-EAB4-4D85-BA08-716B0B959CCB}.Release|ARM.Build.0 = Release|Any CPU
		{16C06D89-EAB4-4D85-BA08-716B0B959CCB}.Release|ARM.Deploy.0 = Release|Any CPU
		{16C06D89-EAB4-4D85-BA08-716B0B959CCB}.Release|iPhone.ActiveCfg = Release|Any CPU
		{16C06D89-EAB4-4D85-BA08-716B0B959CCB}.Release|iPhone.Build.0 = Release|Any CPU
		{16C06D89-EAB4-4D85-BA08-716B0B959CCB}.Release|iPhone.Deploy.0 = Release|Any CPU
		{16C06D89-EAB4-4D85-BA08-716B0B959CCB}.Release|iPhoneSimulator.ActiveCfg = Release|Any CPU
		{16C06D89-EAB4-4D85-BA08-716B0B959CCB}.Release|iPhoneSimulator.Build.0 = Release|Any CPU
		{16C06D89-EAB4-4D85-BA08-716B0B959CCB}.Release|iPhoneSimulator.Deploy.0 = Release|Any CPU
		{16C06D89-EAB4-4D85-BA08-716B0B959CCB}.Release|x64.ActiveCfg = Release|Any CPU
		{16C06D89-EAB4-4D85-BA08-716B0B959CCB}.Release|x64.Build.0 = Release|Any CPU
		{16C06D89-EAB4-4D85-BA08-716B0B959CCB}.Release|x64.Deploy.0 = Release|Any CPU
		{16C06D89-EAB4-4D85-BA08-716B0B959CCB}.Release|x86.ActiveCfg = Release|Any CPU
		{16C06D89-EAB4-4D85-BA08-716B0B959CCB}.Release|x86.Build.0 = Release|Any CPU
		{16C06D89-EAB4-4D85-BA08-716B0B959CCB}.Release|x86.Deploy.0 = Release|Any CPU
		{DC669E2B-1E82-4A66-B889-3CC897EE6708}.Debug|Any CPU.ActiveCfg = Debug|iPhone
		{DC669E2B-1E82-4A66-B889-3CC897EE6708}.Debug|Any CPU.Build.0 = Debug|iPhone
		{DC669E2B-1E82-4A66-B889-3CC897EE6708}.Debug|Any CPU.Deploy.0 = Debug|iPhone
		{DC669E2B-1E82-4A66-B889-3CC897EE6708}.Debug|ARM.ActiveCfg = Debug|iPhoneSimulator
		{DC669E2B-1E82-4A66-B889-3CC897EE6708}.Debug|ARM.Build.0 = Debug|iPhoneSimulator
		{DC669E2B-1E82-4A66-B889-3CC897EE6708}.Debug|ARM.Deploy.0 = Debug|iPhoneSimulator
		{DC669E2B-1E82-4A66-B889-3CC897EE6708}.Debug|iPhone.ActiveCfg = Debug|iPhone
		{DC669E2B-1E82-4A66-B889-3CC897EE6708}.Debug|iPhone.Build.0 = Debug|iPhone
		{DC669E2B-1E82-4A66-B889-3CC897EE6708}.Debug|iPhone.Deploy.0 = Debug|iPhone
		{DC669E2B-1E82-4A66-B889-3CC897EE6708}.Debug|iPhoneSimulator.ActiveCfg = Debug|iPhoneSimulator
		{DC669E2B-1E82-4A66-B889-3CC897EE6708}.Debug|iPhoneSimulator.Build.0 = Debug|iPhoneSimulator
		{DC669E2B-1E82-4A66-B889-3CC897EE6708}.Debug|iPhoneSimulator.Deploy.0 = Debug|iPhoneSimulator
		{DC669E2B-1E82-4A66-B889-3CC897EE6708}.Debug|x64.ActiveCfg = Debug|iPhone
		{DC669E2B-1E82-4A66-B889-3CC897EE6708}.Debug|x64.Build.0 = Debug|iPhone
		{DC669E2B-1E82-4A66-B889-3CC897EE6708}.Debug|x64.Deploy.0 = Debug|iPhone
		{DC669E2B-1E82-4A66-B889-3CC897EE6708}.Debug|x86.ActiveCfg = Debug|iPhone
		{DC669E2B-1E82-4A66-B889-3CC897EE6708}.Debug|x86.Build.0 = Debug|iPhone
		{DC669E2B-1E82-4A66-B889-3CC897EE6708}.Debug|x86.Deploy.0 = Debug|iPhone
		{DC669E2B-1E82-4A66-B889-3CC897EE6708}.Release|Any CPU.ActiveCfg = Release|iPhone
		{DC669E2B-1E82-4A66-B889-3CC897EE6708}.Release|Any CPU.Build.0 = Release|iPhone
		{DC669E2B-1E82-4A66-B889-3CC897EE6708}.Release|Any CPU.Deploy.0 = Release|iPhone
		{DC669E2B-1E82-4A66-B889-3CC897EE6708}.Release|ARM.ActiveCfg = Release|iPhone
		{DC669E2B-1E82-4A66-B889-3CC897EE6708}.Release|ARM.Build.0 = Release|iPhone
		{DC669E2B-1E82-4A66-B889-3CC897EE6708}.Release|ARM.Deploy.0 = Release|iPhone
		{DC669E2B-1E82-4A66-B889-3CC897EE6708}.Release|iPhone.ActiveCfg = Release|iPhone
		{DC669E2B-1E82-4A66-B889-3CC897EE6708}.Release|iPhone.Build.0 = Release|iPhone
		{DC669E2B-1E82-4A66-B889-3CC897EE6708}.Release|iPhone.Deploy.0 = Release|iPhone
		{DC669E2B-1E82-4A66-B889-3CC897EE6708}.Release|iPhoneSimulator.ActiveCfg = Release|iPhoneSimulator
		{DC669E2B-1E82-4A66-B889-3CC897EE6708}.Release|iPhoneSimulator.Build.0 = Release|iPhoneSimulator
		{DC669E2B-1E82-4A66-B889-3CC897EE6708}.Release|iPhoneSimulator.Deploy.0 = Release|iPhoneSimulator
		{DC669E2B-1E82-4A66-B889-3CC897EE6708}.Release|x64.ActiveCfg = Release|iPhone
		{DC669E2B-1E82-4A66-B889-3CC897EE6708}.Release|x64.Build.0 = Release|iPhone
		{DC669E2B-1E82-4A66-B889-3CC897EE6708}.Release|x64.Deploy.0 = Release|iPhone
		{DC669E2B-1E82-4A66-B889-3CC897EE6708}.Release|x86.ActiveCfg = Release|iPhone
		{DC669E2B-1E82-4A66-B889-3CC897EE6708}.Release|x86.Build.0 = Release|iPhone
		{DC669E2B-1E82-4A66-B889-3CC897EE6708}.Release|x86.Deploy.0 = Release|iPhone
		{8C2429D0-8A74-4F2C-A517-76C59931F8CD}.Debug|Any CPU.ActiveCfg = Debug|Any CPU
		{8C2429D0-8A74-4F2C-A517-76C59931F8CD}.Debug|Any CPU.Build.0 = Debug|Any CPU
		{8C2429D0-8A74-4F2C-A517-76C59931F8CD}.Debug|Any CPU.Deploy.0 = Debug|Any CPU
		{8C2429D0-8A74-4F2C-A517-76C59931F8CD}.Debug|ARM.ActiveCfg = Debug|Any CPU
		{8C2429D0-8A74-4F2C-A517-76C59931F8CD}.Debug|ARM.Build.0 = Debug|Any CPU
		{8C2429D0-8A74-4F2C-A517-76C59931F8CD}.Debug|ARM.Deploy.0 = Debug|Any CPU
		{8C2429D0-8A74-4F2C-A517-76C59931F8CD}.Debug|iPhone.ActiveCfg = Debug|Any CPU
		{8C2429D0-8A74-4F2C-A517-76C59931F8CD}.Debug|iPhone.Build.0 = Debug|Any CPU
		{8C2429D0-8A74-4F2C-A517-76C59931F8CD}.Debug|iPhone.Deploy.0 = Debug|Any CPU
		{8C2429D0-8A74-4F2C-A517-76C59931F8CD}.Debug|iPhoneSimulator.ActiveCfg = Debug|Any CPU
		{8C2429D0-8A74-4F2C-A517-76C59931F8CD}.Debug|iPhoneSimulator.Build.0 = Debug|Any CPU
		{8C2429D0-8A74-4F2C-A517-76C59931F8CD}.Debug|iPhoneSimulator.Deploy.0 = Debug|Any CPU
		{8C2429D0-8A74-4F2C-A517-76C59931F8CD}.Debug|x64.ActiveCfg = Debug|Any CPU
		{8C2429D0-8A74-4F2C-A517-76C59931F8CD}.Debug|x64.Build.0 = Debug|Any CPU
		{8C2429D0-8A74-4F2C-A517-76C59931F8CD}.Debug|x64.Deploy.0 = Debug|Any CPU
		{8C2429D0-8A74-4F2C-A517-76C59931F8CD}.Debug|x86.ActiveCfg = Debug|Any CPU
		{8C2429D0-8A74-4F2C-A517-76C59931F8CD}.Debug|x86.Build.0 = Debug|Any CPU
		{8C2429D0-8A74-4F2C-A517-76C59931F8CD}.Debug|x86.Deploy.0 = Debug|Any CPU
		{8C2429D0-8A74-4F2C-A517-76C59931F8CD}.Release|Any CPU.ActiveCfg = Release|Any CPU
		{8C2429D0-8A74-4F2C-A517-76C59931F8CD}.Release|Any CPU.Build.0 = Release|Any CPU
		{8C2429D0-8A74-4F2C-A517-76C59931F8CD}.Release|Any CPU.Deploy.0 = Release|Any CPU
		{8C2429D0-8A74-4F2C-A517-76C59931F8CD}.Release|ARM.ActiveCfg = Release|Any CPU
		{8C2429D0-8A74-4F2C-A517-76C59931F8CD}.Release|ARM.Build.0 = Release|Any CPU
		{8C2429D0-8A74-4F2C-A517-76C59931F8CD}.Release|ARM.Deploy.0 = Release|Any CPU
		{8C2429D0-8A74-4F2C-A517-76C59931F8CD}.Release|iPhone.ActiveCfg = Release|Any CPU
		{8C2429D0-8A74-4F2C-A517-76C59931F8CD}.Release|iPhone.Build.0 = Release|Any CPU
		{8C2429D0-8A74-4F2C-A517-76C59931F8CD}.Release|iPhone.Deploy.0 = Release|Any CPU
		{8C2429D0-8A74-4F2C-A517-76C59931F8CD}.Release|iPhoneSimulator.ActiveCfg = Release|Any CPU
		{8C2429D0-8A74-4F2C-A517-76C59931F8CD}.Release|iPhoneSimulator.Build.0 = Release|Any CPU
		{8C2429D0-8A74-4F2C-A517-76C59931F8CD}.Release|iPhoneSimulator.Deploy.0 = Release|Any CPU
		{8C2429D0-8A74-4F2C-A517-76C59931F8CD}.Release|x64.ActiveCfg = Release|Any CPU
		{8C2429D0-8A74-4F2C-A517-76C59931F8CD}.Release|x64.Build.0 = Release|Any CPU
		{8C2429D0-8A74-4F2C-A517-76C59931F8CD}.Release|x64.Deploy.0 = Release|Any CPU
		{8C2429D0-8A74-4F2C-A517-76C59931F8CD}.Release|x86.ActiveCfg = Release|Any CPU
		{8C2429D0-8A74-4F2C-A517-76C59931F8CD}.Release|x86.Build.0 = Release|Any CPU
		{8C2429D0-8A74-4F2C-A517-76C59931F8CD}.Release|x86.Deploy.0 = Release|Any CPU
	EndGlobalSection
	GlobalSection(SolutionProperties) = preSolution
		HideSolutionNode = FALSE
	EndGlobalSection
	GlobalSection(ExtensibilityGlobals) = postSolution
		SolutionGuid = {35F5CC02-20E4-4E81-8DD5-63FD4D2AF7BC}
	EndGlobalSection
EndGlobal
